
Microsoft Visual Studio Solution File, Format Version 12.00
# Visual Studio Version 16
VisualStudioVersion = 16.0.31019.35
MinimumVisualStudioVersion = 10.0.40219.1
Project("{9A19103F-16F7-4668-BE54-9A1E7A4F7556}") = "PromotionEngineApp", "PromotionEngineApp\PromotionEngineApp.csproj", "{942C3C29-CCB6-4396-AD94-E291FEE69416}"
EndProject
Project("{9A19103F-16F7-4668-BE54-9A1E7A4F7556}") = "PromotionEngineApp.Tests", "PromotionEngineApp.Tests\PromotionEngineApp.Tests.csproj", "{C2143D56-E6B5-4249-A9A6-53C73886CFD3}"
EndProject
Global
	GlobalSection(SolutionConfigurationPlatforms) = preSolution
		Debug|Any CPU = Debug|Any CPU
		Release|Any CPU = Release|Any CPU
	EndGlobalSection
	GlobalSection(ProjectConfigurationPlatforms) = postSolution
		{942C3C29-CCB6-4396-AD94-E291FEE69416}.Debug|Any CPU.ActiveCfg = Debug|Any CPU
		{942C3C29-CCB6-4396-AD94-E291FEE69416}.Debug|Any CPU.Build.0 = Debug|Any CPU
		{942C3C29-CCB6-4396-AD94-E291FEE69416}.Release|Any CPU.ActiveCfg = Release|Any CPU
		{942C3C29-CCB6-4396-AD94-E291FEE69416}.Release|Any CPU.Build.0 = Release|Any CPU
		{C2143D56-E6B5-4249-A9A6-53C73886CFD3}.Debug|Any CPU.ActiveCfg = Debug|Any CPU
		{C2143D56-E6B5-4249-A9A6-53C73886CFD3}.Debug|Any CPU.Build.0 = Debug|Any CPU
		{C2143D56-E6B5-4249-A9A6-53C73886CFD3}.Release|Any CPU.ActiveCfg = Release|Any CPU
		{C2143D56-E6B5-4249-A9A6-53C73886CFD3}.Release|Any CPU.Build.0 = Release|Any CPU
	EndGlobalSection
	GlobalSection(SolutionProperties) = preSolution
		HideSolutionNode = FALSE
	EndGlobalSection
	GlobalSection(ExtensibilityGlobals) = postSolution
		SolutionGuid = {3147EA51-A507-479E-8E55-24B119D7DDE7}
	EndGlobalSection
EndGlobal
